
Microsoft Visual Studio Solution File, Format Version 12.00
# Visual Studio Version 17
VisualStudioVersion = 17.8.34511.84
MinimumVisualStudioVersion = 10.0.40219.1
Project("{FAE04EC0-301F-11D3-BF4B-00C04F79EFBC}") = "FianceCSVSeeTryOut", "FianceCSVSeeTryOut\FianceCSVSeeTryOut.csproj", "{6E493EA2-6735-4FE1-9C07-392596AA0545}"
EndProject
Project("{FAE04EC0-301F-11D3-BF4B-00C04F79EFBC}") = "MathApp", "MathApp\MathApp.csproj", "{95055AD7-BF0A-48AC-A678-339C2B129B15}"
EndProject
Global
	GlobalSection(SolutionConfigurationPlatforms) = preSolution
		Debug|Any CPU = Debug|Any CPU
		Release|Any CPU = Release|Any CPU
	EndGlobalSection
	GlobalSection(ProjectConfigurationPlatforms) = postSolution
		{6E493EA2-6735-4FE1-9C07-392596AA0545}.Debug|Any CPU.ActiveCfg = Debug|Any CPU
		{6E493EA2-6735-4FE1-9C07-392596AA0545}.Debug|Any CPU.Build.0 = Debug|Any CPU
		{6E493EA2-6735-4FE1-9C07-392596AA0545}.Release|Any CPU.ActiveCfg = Release|Any CPU
		{6E493EA2-6735-4FE1-9C07-392596AA0545}.Release|Any CPU.Build.0 = Release|Any CPU
		{95055AD7-BF0A-48AC-A678-339C2B129B15}.Debug|Any CPU.ActiveCfg = Debug|Any CPU
		{95055AD7-BF0A-48AC-A678-339C2B129B15}.Debug|Any CPU.Build.0 = Debug|Any CPU
		{95055AD7-BF0A-48AC-A678-339C2B129B15}.Release|Any CPU.ActiveCfg = Release|Any CPU
		{95055AD7-BF0A-48AC-A678-339C2B129B15}.Release|Any CPU.Build.0 = Release|Any CPU
	EndGlobalSection
	GlobalSection(SolutionProperties) = preSolution
		HideSolutionNode = FALSE
	EndGlobalSection
	GlobalSection(ExtensibilityGlobals) = postSolution
		SolutionGuid = {066D2EB7-1E36-4EAD-B4F3-42A0505CBB35}
	EndGlobalSection
EndGlobal
