
Microsoft Visual Studio Solution File, Format Version 12.00
Project("{FAE04EC0-301F-11D3-BF4B-00C04F79EFBC}") = "backendPetStore", "backendPetStore\backendPetStore.csproj", "{6C9A3589-B00D-4D33-8F77-9F88EE8F9E2C}"
EndProject
Global
	GlobalSection(SolutionConfigurationPlatforms) = preSolution
		Debug|Any CPU = Debug|Any CPU
		Release|Any CPU = Release|Any CPU
	EndGlobalSection
	GlobalSection(ProjectConfigurationPlatforms) = postSolution
		{6C9A3589-B00D-4D33-8F77-9F88EE8F9E2C}.Debug|Any CPU.ActiveCfg = Debug|Any CPU
		{6C9A3589-B00D-4D33-8F77-9F88EE8F9E2C}.Debug|Any CPU.Build.0 = Debug|Any CPU
		{6C9A3589-B00D-4D33-8F77-9F88EE8F9E2C}.Release|Any CPU.ActiveCfg = Release|Any CPU
		{6C9A3589-B00D-4D33-8F77-9F88EE8F9E2C}.Release|Any CPU.Build.0 = Release|Any CPU
	EndGlobalSection
EndGlobal
