
Microsoft Visual Studio Solution File, Format Version 12.00
Project("{FAE04EC0-301F-11D3-BF4B-00C04F79EFBC}") = "WpfApplication1", "WpfApplication1\WpfApplication1.csproj", "{B2DF4E46-1EA4-4665-BAE6-DFE015210085}"
EndProject
Project("{FAE04EC0-301F-11D3-BF4B-00C04F79EFBC}") = "WpfApplication2", "WpfApplication2\WpfApplication2.csproj", "{31243496-68DB-4540-9CE7-3DC811388BAA}"
EndProject
Project("{FAE04EC0-301F-11D3-BF4B-00C04F79EFBC}") = "WpfApplication3", "WpfApplication3\WpfApplication3.csproj", "{06A9FD6A-6B23-4B45-954B-3594FC076624}"
EndProject
Global
	GlobalSection(SolutionConfigurationPlatforms) = preSolution
		Debug|Any CPU = Debug|Any CPU
		Release|Any CPU = Release|Any CPU
	EndGlobalSection
	GlobalSection(ProjectConfigurationPlatforms) = postSolution
		{B2DF4E46-1EA4-4665-BAE6-DFE015210085}.Debug|Any CPU.ActiveCfg = Debug|Any CPU
		{B2DF4E46-1EA4-4665-BAE6-DFE015210085}.Debug|Any CPU.Build.0 = Debug|Any CPU
		{B2DF4E46-1EA4-4665-BAE6-DFE015210085}.Release|Any CPU.ActiveCfg = Release|Any CPU
		{B2DF4E46-1EA4-4665-BAE6-DFE015210085}.Release|Any CPU.Build.0 = Release|Any CPU
		{31243496-68DB-4540-9CE7-3DC811388BAA}.Debug|Any CPU.ActiveCfg = Debug|Any CPU
		{31243496-68DB-4540-9CE7-3DC811388BAA}.Debug|Any CPU.Build.0 = Debug|Any CPU
		{31243496-68DB-4540-9CE7-3DC811388BAA}.Release|Any CPU.ActiveCfg = Release|Any CPU
		{31243496-68DB-4540-9CE7-3DC811388BAA}.Release|Any CPU.Build.0 = Release|Any CPU
		{06A9FD6A-6B23-4B45-954B-3594FC076624}.Debug|Any CPU.ActiveCfg = Debug|Any CPU
		{06A9FD6A-6B23-4B45-954B-3594FC076624}.Debug|Any CPU.Build.0 = Debug|Any CPU
		{06A9FD6A-6B23-4B45-954B-3594FC076624}.Release|Any CPU.ActiveCfg = Release|Any CPU
		{06A9FD6A-6B23-4B45-954B-3594FC076624}.Release|Any CPU.Build.0 = Release|Any CPU
	EndGlobalSection
EndGlobal
