
Microsoft Visual Studio Solution File, Format Version 12.00
Project("{2150E333-8FDC-42A3-9474-1A3956D46DE8}") = "src", "src", "{60E33C20-75D6-4208-A498-4097DE435A93}"
EndProject
Project("{2150E333-8FDC-42A3-9474-1A3956D46DE8}") = "test", "test", "{43AF0062-76FB-4B4D-BC9A-9A12E75FC561}"
EndProject
Project("{2150E333-8FDC-42A3-9474-1A3956D46DE8}") = "API", "API", "{5B0AC6CC-D797-4A38-ACD8-9614722B48A4}"
EndProject
Project("{2150E333-8FDC-42A3-9474-1A3956D46DE8}") = "Core", "Core", "{5C3A49DF-1F26-4996-B953-F80BC4B835BE}"
EndProject
Project("{2150E333-8FDC-42A3-9474-1A3956D46DE8}") = "Infrastructure", "Infrastructure", "{3035348B-C3B6-4E32-B569-AC18A8E4AF9F}"
EndProject
Project("{2150E333-8FDC-42A3-9474-1A3956D46DE8}") = "UI", "UI", "{432088B6-4CF5-4C9B-86B8-956284A743B7}"
EndProject
Project("{FAE04EC0-301F-11D3-BF4B-00C04F79EFBC}") = "HR.LeaveManagementDomain", "HR.LeaveManagementDomain\HR.LeaveManagementDomain.csproj", "{4F8CA01F-D3F2-4DFE-99FF-805B3FB67A67}"
EndProject
Project("{FAE04EC0-301F-11D3-BF4B-00C04F79EFBC}") = "HR.LeaveManagement.Application", "HR.LeaveManagement.Application\HR.LeaveManagement.Application.csproj", "{8778DF21-83DF-40E8-8639-278020986145}"
EndProject
Global
	GlobalSection(SolutionConfigurationPlatforms) = preSolution
		Debug|Any CPU = Debug|Any CPU
		Release|Any CPU = Release|Any CPU
	EndGlobalSection
	GlobalSection(ProjectConfigurationPlatforms) = postSolution
		{4F8CA01F-D3F2-4DFE-99FF-805B3FB67A67}.Debug|Any CPU.ActiveCfg = Debug|Any CPU
		{4F8CA01F-D3F2-4DFE-99FF-805B3FB67A67}.Debug|Any CPU.Build.0 = Debug|Any CPU
		{4F8CA01F-D3F2-4DFE-99FF-805B3FB67A67}.Release|Any CPU.ActiveCfg = Release|Any CPU
		{4F8CA01F-D3F2-4DFE-99FF-805B3FB67A67}.Release|Any CPU.Build.0 = Release|Any CPU
		{8778DF21-83DF-40E8-8639-278020986145}.Debug|Any CPU.ActiveCfg = Debug|Any CPU
		{8778DF21-83DF-40E8-8639-278020986145}.Debug|Any CPU.Build.0 = Debug|Any CPU
		{8778DF21-83DF-40E8-8639-278020986145}.Release|Any CPU.ActiveCfg = Release|Any CPU
		{8778DF21-83DF-40E8-8639-278020986145}.Release|Any CPU.Build.0 = Release|Any CPU
	EndGlobalSection
	GlobalSection(NestedProjects) = preSolution
		{5B0AC6CC-D797-4A38-ACD8-9614722B48A4} = {60E33C20-75D6-4208-A498-4097DE435A93}
		{5C3A49DF-1F26-4996-B953-F80BC4B835BE} = {60E33C20-75D6-4208-A498-4097DE435A93}
		{3035348B-C3B6-4E32-B569-AC18A8E4AF9F} = {60E33C20-75D6-4208-A498-4097DE435A93}
		{432088B6-4CF5-4C9B-86B8-956284A743B7} = {60E33C20-75D6-4208-A498-4097DE435A93}
		{4F8CA01F-D3F2-4DFE-99FF-805B3FB67A67} = {5C3A49DF-1F26-4996-B953-F80BC4B835BE}
		{8778DF21-83DF-40E8-8639-278020986145} = {5C3A49DF-1F26-4996-B953-F80BC4B835BE}
	EndGlobalSection
EndGlobal
